
Microsoft Visual Studio Solution File, Format Version 12.00
# Visual Studio Version 17
VisualStudioVersion = 17.9.34723.18
MinimumVisualStudioVersion = 10.0.40219.1
Project("{9A19103F-16F7-4668-BE54-9A1E7A4F7556}") = "FinancialApi.API", "FinancialApi.API\FinancialApi.API.csproj", "{0A310EAA-433C-48BA-A28B-067A01C7F402}"
EndProject
Project("{9A19103F-16F7-4668-BE54-9A1E7A4F7556}") = "FinancialApi.Application", "FinancialApi.Application\FinancialApi.Application.csproj", "{47ABD2BE-2720-45D1-8AD4-394FEA84E34F}"
EndProject
Project("{9A19103F-16F7-4668-BE54-9A1E7A4F7556}") = "FinancialApi.Domain", "FinancialApi.Domain\FinancialApi.Domain.csproj", "{A87A1AF3-B4BB-47AD-874D-C7A77DA0BF9B}"
EndProject
Project("{9A19103F-16F7-4668-BE54-9A1E7A4F7556}") = "FinancialApi.Infrastructure", "FinancialApi.Infrastructure\FinancialApi.Infrastructure.csproj", "{1DC79E62-EEC4-4D85-AA89-727046E56A54}"
EndProject
Project("{2150E333-8FDC-42A3-9474-1A3956D46DE8}") = "src", "src", "{B2AE4207-E11D-4C65-954A-E2B30F7E189F}"
EndProject
Project("{2150E333-8FDC-42A3-9474-1A3956D46DE8}") = "Solution Items", "Solution Items", "{E2CE9D0D-C542-46F7-BF9F-80247CC11197}"
	ProjectSection(SolutionItems) = preProject
		docker-compose.yml = docker-compose.yml
		.env = .env
		.env.example = .env.example
	EndProjectSection
EndProject
Project("{FAE04EC0-301F-11D3-BF4B-00C04F79EFBC}") = "FinancialApi.UnitTests", "FinancialApi.UnitTests\FinancialApi.UnitTests.csproj", "{54B40275-E3FE-468C-8FA2-FF7969F9165E}"
EndProject
Global
	GlobalSection(SolutionConfigurationPlatforms) = preSolution
		Debug|Any CPU = Debug|Any CPU
		Release|Any CPU = Release|Any CPU
	EndGlobalSection
	GlobalSection(ProjectConfigurationPlatforms) = postSolution
		{0A310EAA-433C-48BA-A28B-067A01C7F402}.Debug|Any CPU.ActiveCfg = Debug|Any CPU
		{0A310EAA-433C-48BA-A28B-067A01C7F402}.Debug|Any CPU.Build.0 = Debug|Any CPU
		{0A310EAA-433C-48BA-A28B-067A01C7F402}.Release|Any CPU.ActiveCfg = Release|Any CPU
		{0A310EAA-433C-48BA-A28B-067A01C7F402}.Release|Any CPU.Build.0 = Release|Any CPU
		{47ABD2BE-2720-45D1-8AD4-394FEA84E34F}.Debug|Any CPU.ActiveCfg = Debug|Any CPU
		{47ABD2BE-2720-45D1-8AD4-394FEA84E34F}.Debug|Any CPU.Build.0 = Debug|Any CPU
		{47ABD2BE-2720-45D1-8AD4-394FEA84E34F}.Release|Any CPU.ActiveCfg = Release|Any CPU
		{47ABD2BE-2720-45D1-8AD4-394FEA84E34F}.Release|Any CPU.Build.0 = Release|Any CPU
		{A87A1AF3-B4BB-47AD-874D-C7A77DA0BF9B}.Debug|Any CPU.ActiveCfg = Debug|Any CPU
		{A87A1AF3-B4BB-47AD-874D-C7A77DA0BF9B}.Debug|Any CPU.Build.0 = Debug|Any CPU
		{A87A1AF3-B4BB-47AD-874D-C7A77DA0BF9B}.Release|Any CPU.ActiveCfg = Release|Any CPU
		{A87A1AF3-B4BB-47AD-874D-C7A77DA0BF9B}.Release|Any CPU.Build.0 = Release|Any CPU
		{1DC79E62-EEC4-4D85-AA89-727046E56A54}.Debug|Any CPU.ActiveCfg = Debug|Any CPU
		{1DC79E62-EEC4-4D85-AA89-727046E56A54}.Debug|Any CPU.Build.0 = Debug|Any CPU
		{1DC79E62-EEC4-4D85-AA89-727046E56A54}.Release|Any CPU.ActiveCfg = Release|Any CPU
		{1DC79E62-EEC4-4D85-AA89-727046E56A54}.Release|Any CPU.Build.0 = Release|Any CPU
		{54B40275-E3FE-468C-8FA2-FF7969F9165E}.Debug|Any CPU.ActiveCfg = Debug|Any CPU
		{54B40275-E3FE-468C-8FA2-FF7969F9165E}.Debug|Any CPU.Build.0 = Debug|Any CPU
		{54B40275-E3FE-468C-8FA2-FF7969F9165E}.Release|Any CPU.ActiveCfg = Release|Any CPU
		{54B40275-E3FE-468C-8FA2-FF7969F9165E}.Release|Any CPU.Build.0 = Release|Any CPU
	EndGlobalSection
	GlobalSection(SolutionProperties) = preSolution
		HideSolutionNode = FALSE
	EndGlobalSection
	GlobalSection(NestedProjects) = preSolution
		{0A310EAA-433C-48BA-A28B-067A01C7F402} = {B2AE4207-E11D-4C65-954A-E2B30F7E189F}
		{47ABD2BE-2720-45D1-8AD4-394FEA84E34F} = {B2AE4207-E11D-4C65-954A-E2B30F7E189F}
		{A87A1AF3-B4BB-47AD-874D-C7A77DA0BF9B} = {B2AE4207-E11D-4C65-954A-E2B30F7E189F}
		{1DC79E62-EEC4-4D85-AA89-727046E56A54} = {B2AE4207-E11D-4C65-954A-E2B30F7E189F}
	EndGlobalSection
	GlobalSection(ExtensibilityGlobals) = postSolution
		SolutionGuid = {B0600AB7-F85C-4ECB-9D7F-FE71828074CE}
	EndGlobalSection
EndGlobal
